# MACman — free-tier dependency lock
#
# Every package here inherits MACman's permissions, up to Full Disk
# Access. This list is security surface. Regenerate with:
#   .venv/bin/python scripts/lock_deps.py > requirements.lock
#
# Verified install:
#   pip install --require-hashes -r requirements.lock
#
# 11 packages. Optional tiers (cloud, voice, dev) excluded.

# keyring dependency.
jaraco-classes==3.4.0 \
    --hash=sha256:47a024b51d0239c0dd8c8540c6c7f484be3b8fcf0b2d85c13825780d3b3f3acd \
    --hash=sha256:f662826b6bed8cace05e7ff873ce0f9283b5c924470fe664fff1c2f00f581790

# keyring dependency.
jaraco-context==6.1.2 \
    --hash=sha256:bf8150b79a2d5d91ae48629d8b427a8f7ba0e1097dd6202a9059f29a36379535 \
    --hash=sha256:f1a6c9d391e661cc5b8d39861ff077a7dc24dc23833ccee564b234b81c82dfe3

# keyring dependency.
jaraco-functools==4.6.0 \
    --hash=sha256:880c577ec9720b3a052d5bc611fb9f2269b3d87902ef42440df443b88e443280 \
    --hash=sha256:99e3dc0060c5cbe8fcd1cdb36258e2a65ca40f1566b2033b12abb1bb44dd3c30

# Stores the TOTP secret in the macOS Keychain so it never sits on disk.
keyring==25.7.0 \
    --hash=sha256:be4a0b195f149690c166e850609a477c532ddbfbaed96a404d4e43f8d5e2689f \
    --hash=sha256:fe01bd85eb3f8fb3dd0405defdeac9a5b4f6f0439edbb3149577f244a2e8245b

# jaraco.functools dependency.
more-itertools==11.1.0 \
    --hash=sha256:48e8f4d9e7e5878571ecf6f2b4e57634f93cd474cc8cfbd2376f2d11b396e30d \
    --hash=sha256:4b65538ae22f6fed0ce4874efd317463a7489796a0939fa66824dd542125a192

# Bridge to the macOS frameworks below. Apple-API access only; no network code.
pyobjc-core==12.2.2 \
    --hash=sha256:122e6ad302a2abf5d4d4adb0156db751600ddf2768441696cba17b31323085e7 \
    --hash=sha256:2062e8ad30a310441cd022544a897553408bebeaa7820d5edba3c96fd7fd693b \
    --hash=sha256:2c7ef3d2f865b4b3ebb14ec3556f7a3e8abb6d130c67275cd9daa08dbd6e4e4e \
    --hash=sha256:3772b406edb3ff78171530a17cda1c4a7817f87b87ded0d8715b3fa664df16db \
    --hash=sha256:3906452339cd06a3bb07df103c2511d4cb0f7a22d8771c0b802eba15d9a642b6 \
    --hash=sha256:56c6c39f1de059fcbb174ebca5525505fc8feaa89be2a28c329bf09b6b25ee75 \
    --hash=sha256:59a77038ebe0ab1240f61c341e7fb67b8674f2b4cd41bc71a6472511a12b50f7 \
    --hash=sha256:89acc6bc13aaa6e3f52b0ce652ede7e201edb6bf062741b246b0c5a44582f25f \
    --hash=sha256:950bd2d9c74634398c4e3d24ef2f213d4e23d705083697464fa67afedc53c1ad \
    --hash=sha256:b9cdd686e32db8e451feb19f8a85bc4cd52c2893103881d04aca51e1f35371d1

# Accessibility API — lock state, window queries.
pyobjc-framework-applicationservices==12.2.2 \
    --hash=sha256:0bcc09531d5854598fd74706d999e4ae3b7c503204d318910d02eba30e8eecef \
    --hash=sha256:1af01a271b85eae2a327e93cf3ec46de0199a1a933594f78d4c2b9b9c2240e5e \
    --hash=sha256:3b5693a377480cf127caa1c8c835b8620896971029c545d99d01aa31a2c38159 \
    --hash=sha256:3f9dde6d8e8fb8ebd79ac6e84212c1d294eba48fa2d4c467a29614c3ca5ef2f8 \
    --hash=sha256:4188a79f2774778dd5f2bcfb49b856d08dd824862f072924be40274b5a5cad95 \
    --hash=sha256:5506bd6b5268a97fcb79b5b021f6cbbaaf5cdff3ec87094d8870268d8cf096ed \
    --hash=sha256:82275ea56be975ee84fafdb340dcfee6b5289422c3f674c1982d3fcd47ba68c9 \
    --hash=sha256:93ba63aad6607f369c1b38bf91306731da6306fdde5eb67afa407b3f8a87dda7 \
    --hash=sha256:e525167b28560d1cbadadcaee4bcdd20c999f6af3e489cc63bacde4ed1a6b549 \
    --hash=sha256:fc861e14f78e7370e982202b21db8bcb562dc14cd4098e557a17961d3411de45

# Foundation/AppKit: running apps, workspace queries.
pyobjc-framework-cocoa==12.2.2 \
    --hash=sha256:0e8ace0d44a00d281281a723d17fcd05eea7544a38a6a512e1fd018ddb7aece2 \
    --hash=sha256:5a751c8033a3b51f7996f0327e0675eb44dcfdfe7920fae01e3d78b662723fff \
    --hash=sha256:600b1723184ca094931330e79355274949965460e23de38628d601b5a967baf9 \
    --hash=sha256:851dca4c16e70b405e5cd5a8c166cf7c445ae54a4cdd95ce9a523803172f32d1 \
    --hash=sha256:875f2aad73963faa81a6b36ae674fd494a4658d6d999e1075e0e2aca3d2391df \
    --hash=sha256:889d7bbd4ba2d4941078bfbbfb882138e51dbead27df006abfe0f2e0d49b5b2e \
    --hash=sha256:8fe5b2e79c9530f667b4e58a87a3a15ea62f86a5d19eec405517ecbd4f454868 \
    --hash=sha256:c96c0ef69a71afbbb0e6a7d594b455c5fe47d62e0db376ee7a2b4b828c16ace9 \
    --hash=sha256:de69c5933750f3a4599ed962eccd92b6a71914c7e4318dacc7895738a8ae60d7 \
    --hash=sha256:e106f395531e67694376b0f1184612cbeea3ec8b9bf56b55ef41d026171d2a2d

# Required by ApplicationServices.
pyobjc-framework-coretext==12.2.2 \
    --hash=sha256:1324d91305022b1de03a12cf82de2b42c87dafe9b12cde6237253658a8637139 \
    --hash=sha256:1dc50de18346c4d6c89a51df066f03beea81e3557e3090ddc2a7a59395332fd8 \
    --hash=sha256:295d1037494630527acc24d116b0301ab5cf5e918952f49f7bf4f76ebae24d0c \
    --hash=sha256:64ddc02303217028e32e22c7cc00b5112d84e9d9a67c37d00c2e54f9172284ab \
    --hash=sha256:77a379ff47c599cb2bab918eb75680d30d950692ec19d67b734d11ded090b4e1 \
    --hash=sha256:8af29c8f5fd3404b2ce3730ac1166c5b66e206830603facb85d0ad3ede5309dc \
    --hash=sha256:a69611de569d92776e6391ca25492a5bbb4a05ba744006349e377a4fc5f7c8a5 \
    --hash=sha256:b585f0db77280930cb32e71cf8d27f5203d8c0f42a65fba690294530ab6e1aa6 \
    --hash=sha256:dbd0f288a859e359ee8e7ccf45bc2c489f38ae1087c21468b61d700433e0c91b \
    --hash=sha256:f1ad871d761bad9a0d461cceeeff7375a39f4d181c2a206dada6fc05307fec12

# Screen capture and display state.
pyobjc-framework-quartz==12.2.2 \
    --hash=sha256:0ec9751904ef975bf0789d760dc4fadcb400edc4ffe4a736eb54971968babe5c \
    --hash=sha256:1f7f3d9010e38f03ea1fa266664c10ea349cd7492bd603b403584f49d713dbed \
    --hash=sha256:4b01e325b0cdc121e78730dde9756e971b23069bf141cd62efbcaac76d7b6dbb \
    --hash=sha256:63f6f0f3233dcf650aac1374781e78961b0b17b33e3351953bacf8bd0c430593 \
    --hash=sha256:7f668979d0c7320bf8f7ed6e030da578f93ab0f5dd619b295ec735cd8d5faa34 \
    --hash=sha256:810f97b210cfd93704d240860286dfd6df09f9f1c52525fc5c2166723aea3f9e \
    --hash=sha256:8f58c589b5a76ba98f186b1f3b19fb1c8b730e82351f81fb62e6194f64a71622 \
    --hash=sha256:cee63b891c2b6b7ccf98f233175411529f3e80286f58438793b3634af79858f1 \
    --hash=sha256:d89a5f47c079b5c340d2b1cbb83eb6c4c92d4bb17cd4daf7d8c02c91a49f5399 \
    --hash=sha256:ebf8167ca2096cf3a05199decfa517be0df4c56048f49cf132bd6b1a6ab9c086

# RFC 6238 TOTP. ~300 lines, stdlib hmac only, no network, no filesystem.
pyotp==2.10.0 \
    --hash=sha256:1df2f6a1bcc3bb0716172a5215ddc2f8c7c7fd26a13df9927d52e1746934836c \
    --hash=sha256:d01e9703443616b03c57c700b5cbffd56a1f929c1b0f8f03131bc78c1fca9d3f

